{
  "name": "@definejs/view-slider",
  "version": "0.1.3",
  "lockfileVersion": 1,
  "requires": true,
  "dependencies": {
    "@definejs/emitter": {
      "version": "1.0.0",
      "resolved": "https://registry.npmjs.org/@definejs/emitter/-/emitter-1.0.0.tgz",
      "integrity": "sha512-FQci+86yOdx/M36aHP+/xevwcb0iiaVw5lZgkcT8WLyZescOVAiFa4k2ToTA2kkM1yzRFXUY/0oHc8Sc5gXfWQ==",
      "requires": {
        "@definejs/object": "^1.1.0",
        "@definejs/tree": "^1.0.0"
      }
    },
    "@definejs/fn": {
      "version": "1.0.0",
      "resolved": "https://registry.npmjs.org/@definejs/fn/-/fn-1.0.0.tgz",
      "integrity": "sha512-YZqW2WfMC4kPCxRGMe+sgMNhWYK8pQchVJeo5aRYq1I6IhUpVNvreT5UW29LzFpDBNOqMbDzKa5jUel9qW0JRg==",
      "requires": {
        "@definejs/math": "^1.0.0"
      }
    },
    "@definejs/masker": {
      "version": "1.0.0",
      "resolved": "https://registry.npmjs.org/@definejs/masker/-/masker-1.0.0.tgz",
      "integrity": "sha512-5FmWEXEm8IZs+C8TLVNHcQ6kHFstYmu2+vCRWe+Kq96biO9l+Le/RW+IhxVvxv1czKEYhmi950gk+FCPLkoIGA==",
      "requires": {
        "@definejs/emitter": "^1.0.0",
        "@definejs/object": "^1.1.0",
        "@definejs/string": "^1.0.0",
        "@definejs/style": "^1.0.0",
        "jquery": "^3.5.1"
      },
      "dependencies": {
        "@definejs/string": {
          "version": "1.0.0",
          "resolved": "https://registry.npmjs.org/@definejs/string/-/string-1.0.0.tgz",
          "integrity": "sha512-w07CpqHYu6th6y+n5jic6ZUdiB19GPzuq8LGHqpSky8R28ugA1uIDkFodd5tt9dokD00pLd4nFY6bO8JuLYxxQ=="
        }
      }
    },
    "@definejs/math": {
      "version": "1.0.0",
      "resolved": "https://registry.npmjs.org/@definejs/math/-/math-1.0.0.tgz",
      "integrity": "sha512-3epnTiGFaEoofhRfmT1cdd3KAhC8DQf518Xmh0tTTdqDCnfGcHx+GRZRGX5o1vlb946GBJ3/OEQQb2bRnAl0/g=="
    },
    "@definejs/object": {
      "version": "1.1.0",
      "resolved": "https://registry.npmjs.org/@definejs/object/-/object-1.1.0.tgz",
      "integrity": "sha512-3U9yjE0a4oFXR6n19VXZB0W5lpHZRox39vjV2sE288OCMv1L6KLreEdGi0Hmo5w490KHpT9Gtvtkz4Xih7D6ug=="
    },
    "@definejs/string": {
      "version": "1.0.0",
      "resolved": "https://registry.npmjs.org/@definejs/string/-/string-1.0.0.tgz",
      "integrity": "sha512-w07CpqHYu6th6y+n5jic6ZUdiB19GPzuq8LGHqpSky8R28ugA1uIDkFodd5tt9dokD00pLd4nFY6bO8JuLYxxQ=="
    },
    "@definejs/style": {
      "version": "1.0.0",
      "resolved": "https://registry.npmjs.org/@definejs/style/-/style-1.0.0.tgz",
      "integrity": "sha512-P9NC7wX/wqnq9qoz12zKUEagjgRHFeVNDFcZNUNZhiQygW+SWeuEtuYZgvfWahhABkbtCCzTX46CnIr5Jd3cpg==",
      "requires": {
        "@definejs/object": "^1.1.0"
      }
    },
    "@definejs/transition-end": {
      "version": "1.0.0",
      "resolved": "https://registry.npmjs.org/@definejs/transition-end/-/transition-end-1.0.0.tgz",
      "integrity": "sha512-5hGBsIlozDUJLgUqabS9cMfmAiKzo70xYRL9O+EYDVNP5kK1XoEz9YPghwypgI0A/zqaBQU1FIG2XkDONsnzWg=="
    },
    "@definejs/tree": {
      "version": "1.0.0",
      "resolved": "https://registry.npmjs.org/@definejs/tree/-/tree-1.0.0.tgz",
      "integrity": "sha512-mQbo/4dBu2HMN5WvVQv1Pb8Wn6rDA8mT0+LLUfFe4bf5Dq/Ni8Vdvb37yqGWx6h7SK+8RRae7JM9aJkXNRcYxw=="
    },
    "jquery": {
      "version": "3.5.1",
      "resolved": "https://registry.npmjs.org/jquery/-/jquery-3.5.1.tgz",
      "integrity": "sha512-XwIBPqcMn57FxfT+Go5pzySnm4KWkT1Tv7gjrpT1srtf8Weynl6R273VJ5GjkRb51IzMp5nbaPjJXMWeju2MKg=="
    }
  }
}
